
Microsoft Visual Studio Solution File, Format Version 12.00
# Visual Studio Version 17
VisualStudioVersion = 17.0.32014.148
MinimumVisualStudioVersion = 10.0.40219.1
Project("{FAE04EC0-301F-11D3-BF4B-00C04F79EFBC}") = "DemoSplitFiles", "DemoSplitFiles\DemoSplitFiles.csproj", "{B9CABEB3-559E-49F5-9C31-D54E42691EF1}"
EndProject
Global
	GlobalSection(SolutionConfigurationPlatforms) = preSolution
		Debug|Any CPU = Debug|Any CPU
		Release|Any CPU = Release|Any CPU
	EndGlobalSection
	GlobalSection(ProjectConfigurationPlatforms) = postSolution
		{B9CABEB3-559E-49F5-9C31-D54E42691EF1}.Debug|Any CPU.ActiveCfg = Debug|Any CPU
		{B9CABEB3-559E-49F5-9C31-D54E42691EF1}.Debug|Any CPU.Build.0 = Debug|Any CPU
		{B9CABEB3-559E-49F5-9C31-D54E42691EF1}.Release|Any CPU.ActiveCfg = Release|Any CPU
		{B9CABEB3-559E-49F5-9C31-D54E42691EF1}.Release|Any CPU.Build.0 = Release|Any CPU
	EndGlobalSection
	GlobalSection(SolutionProperties) = preSolution
		HideSolutionNode = FALSE
	EndGlobalSection
	GlobalSection(ExtensibilityGlobals) = postSolution
		SolutionGuid = {78E5FE2E-4DB9-4B14-A0D8-1A39A2FE3DB4}
	EndGlobalSection
EndGlobal
