
Microsoft Visual Studio Solution File, Format Version 12.00
# Visual Studio Version 16
VisualStudioVersion = 16.0.31729.503
MinimumVisualStudioVersion = 10.0.40219.1
Project("{FAE04EC0-301F-11D3-BF4B-00C04F79EFBC}") = "ClassApp", "ClassApp\ClassApp.csproj", "{BFD7AC41-EC52-4B6E-9690-AB930CB1BF81}"
EndProject
Global
	GlobalSection(SolutionConfigurationPlatforms) = preSolution
		Debug|Any CPU = Debug|Any CPU
		Release|Any CPU = Release|Any CPU
	EndGlobalSection
	GlobalSection(ProjectConfigurationPlatforms) = postSolution
		{BFD7AC41-EC52-4B6E-9690-AB930CB1BF81}.Debug|Any CPU.ActiveCfg = Debug|Any CPU
		{BFD7AC41-EC52-4B6E-9690-AB930CB1BF81}.Debug|Any CPU.Build.0 = Debug|Any CPU
		{BFD7AC41-EC52-4B6E-9690-AB930CB1BF81}.Release|Any CPU.ActiveCfg = Release|Any CPU
		{BFD7AC41-EC52-4B6E-9690-AB930CB1BF81}.Release|Any CPU.Build.0 = Release|Any CPU
	EndGlobalSection
	GlobalSection(SolutionProperties) = preSolution
		HideSolutionNode = FALSE
	EndGlobalSection
	GlobalSection(ExtensibilityGlobals) = postSolution
		SolutionGuid = {F44CA60E-62E1-4775-B9E1-5793805E3637}
	EndGlobalSection
EndGlobal
