
Microsoft Visual Studio Solution File, Format Version 12.00
# Visual Studio Version 17
VisualStudioVersion = 17.0.32014.148
MinimumVisualStudioVersion = 10.0.40219.1
Project("{FAE04EC0-301F-11D3-BF4B-00C04F79EFBC}") = "ReverseNumber", "ReverseNumber\ReverseNumber.csproj", "{7E5F8FF7-09DC-4A05-AEB3-E4AF50E5A2DD}"
EndProject
Project("{FAE04EC0-301F-11D3-BF4B-00C04F79EFBC}") = "SwapNumbers", "SwapNumbers\SwapNumbers.csproj", "{B135E5FD-8897-4936-8634-8131F885E2C1}"
EndProject
Project("{FAE04EC0-301F-11D3-BF4B-00C04F79EFBC}") = "ClockAngle", "ClockAngle\ClockAngle.csproj", "{DBEC9A82-7322-490E-8756-81BC3FC1D7CB}"
EndProject
Global
	GlobalSection(SolutionConfigurationPlatforms) = preSolution
		Debug|Any CPU = Debug|Any CPU
		Release|Any CPU = Release|Any CPU
	EndGlobalSection
	GlobalSection(ProjectConfigurationPlatforms) = postSolution
		{7E5F8FF7-09DC-4A05-AEB3-E4AF50E5A2DD}.Debug|Any CPU.ActiveCfg = Debug|Any CPU
		{7E5F8FF7-09DC-4A05-AEB3-E4AF50E5A2DD}.Debug|Any CPU.Build.0 = Debug|Any CPU
		{7E5F8FF7-09DC-4A05-AEB3-E4AF50E5A2DD}.Release|Any CPU.ActiveCfg = Release|Any CPU
		{7E5F8FF7-09DC-4A05-AEB3-E4AF50E5A2DD}.Release|Any CPU.Build.0 = Release|Any CPU
		{B135E5FD-8897-4936-8634-8131F885E2C1}.Debug|Any CPU.ActiveCfg = Debug|Any CPU
		{B135E5FD-8897-4936-8634-8131F885E2C1}.Debug|Any CPU.Build.0 = Debug|Any CPU
		{B135E5FD-8897-4936-8634-8131F885E2C1}.Release|Any CPU.ActiveCfg = Release|Any CPU
		{B135E5FD-8897-4936-8634-8131F885E2C1}.Release|Any CPU.Build.0 = Release|Any CPU
		{DBEC9A82-7322-490E-8756-81BC3FC1D7CB}.Debug|Any CPU.ActiveCfg = Debug|Any CPU
		{DBEC9A82-7322-490E-8756-81BC3FC1D7CB}.Debug|Any CPU.Build.0 = Debug|Any CPU
		{DBEC9A82-7322-490E-8756-81BC3FC1D7CB}.Release|Any CPU.ActiveCfg = Release|Any CPU
		{DBEC9A82-7322-490E-8756-81BC3FC1D7CB}.Release|Any CPU.Build.0 = Release|Any CPU
	EndGlobalSection
	GlobalSection(SolutionProperties) = preSolution
		HideSolutionNode = FALSE
	EndGlobalSection
	GlobalSection(ExtensibilityGlobals) = postSolution
		SolutionGuid = {8AEC3F3B-8874-4CB6-98E6-9C6C2232940A}
	EndGlobalSection
EndGlobal
