
Microsoft Visual Studio Solution File, Format Version 12.00
# Visual Studio Version 17
VisualStudioVersion = 17.0.32014.148
MinimumVisualStudioVersion = 10.0.40219.1
Project("{FAE04EC0-301F-11D3-BF4B-00C04F79EFBC}") = "33_Зубчатые массивы", "33_Зубчатые массивы\33_Зубчатые массивы.csproj", "{22D28C0D-A842-47A4-A333-E81522AFF01B}"
EndProject
Global
	GlobalSection(SolutionConfigurationPlatforms) = preSolution
		Debug|Any CPU = Debug|Any CPU
		Release|Any CPU = Release|Any CPU
	EndGlobalSection
	GlobalSection(ProjectConfigurationPlatforms) = postSolution
		{22D28C0D-A842-47A4-A333-E81522AFF01B}.Debug|Any CPU.ActiveCfg = Debug|Any CPU
		{22D28C0D-A842-47A4-A333-E81522AFF01B}.Debug|Any CPU.Build.0 = Debug|Any CPU
		{22D28C0D-A842-47A4-A333-E81522AFF01B}.Release|Any CPU.ActiveCfg = Release|Any CPU
		{22D28C0D-A842-47A4-A333-E81522AFF01B}.Release|Any CPU.Build.0 = Release|Any CPU
	EndGlobalSection
	GlobalSection(SolutionProperties) = preSolution
		HideSolutionNode = FALSE
	EndGlobalSection
	GlobalSection(ExtensibilityGlobals) = postSolution
		SolutionGuid = {E5B40117-1CDA-4BE1-AE93-4A070F8E38A6}
	EndGlobalSection
EndGlobal
