
Microsoft Visual Studio Solution File, Format Version 12.00
# Visual Studio Version 17
VisualStudioVersion = 17.0.32014.148
MinimumVisualStudioVersion = 10.0.40219.1
Project("{FAE04EC0-301F-11D3-BF4B-00C04F79EFBC}") = "Минимум параболы", "Минимум параболы\Минимум параболы.csproj", "{2DF7C3A8-D1A2-49C1-A317-B560C48DBD73}"
EndProject
Global
	GlobalSection(SolutionConfigurationPlatforms) = preSolution
		Debug|Any CPU = Debug|Any CPU
		Release|Any CPU = Release|Any CPU
	EndGlobalSection
	GlobalSection(ProjectConfigurationPlatforms) = postSolution
		{2DF7C3A8-D1A2-49C1-A317-B560C48DBD73}.Debug|Any CPU.ActiveCfg = Debug|Any CPU
		{2DF7C3A8-D1A2-49C1-A317-B560C48DBD73}.Debug|Any CPU.Build.0 = Debug|Any CPU
		{2DF7C3A8-D1A2-49C1-A317-B560C48DBD73}.Release|Any CPU.ActiveCfg = Release|Any CPU
		{2DF7C3A8-D1A2-49C1-A317-B560C48DBD73}.Release|Any CPU.Build.0 = Release|Any CPU
	EndGlobalSection
	GlobalSection(SolutionProperties) = preSolution
		HideSolutionNode = FALSE
	EndGlobalSection
	GlobalSection(ExtensibilityGlobals) = postSolution
		SolutionGuid = {F0092061-B127-4BE8-A9C0-2B9281BB3B46}
	EndGlobalSection
EndGlobal
