
Microsoft Visual Studio Solution File, Format Version 12.00
# Visual Studio Version 17
VisualStudioVersion = 17.0.32014.148
MinimumVisualStudioVersion = 10.0.40219.1
Project("{FAE04EC0-301F-11D3-BF4B-00C04F79EFBC}") = "lessons", "lessons\lessons.csproj", "{5B384A4A-DF2C-4157-B076-E2695A76E0A7}"
EndProject
Project("{FAE04EC0-301F-11D3-BF4B-00C04F79EFBC}") = "my_project", "my_project\my_project.csproj", "{C397EB46-4DEB-4B66-A129-F10BB787283D}"
EndProject
Global
	GlobalSection(SolutionConfigurationPlatforms) = preSolution
		Debug|Any CPU = Debug|Any CPU
		Release|Any CPU = Release|Any CPU
	EndGlobalSection
	GlobalSection(ProjectConfigurationPlatforms) = postSolution
		{5B384A4A-DF2C-4157-B076-E2695A76E0A7}.Debug|Any CPU.ActiveCfg = Debug|Any CPU
		{5B384A4A-DF2C-4157-B076-E2695A76E0A7}.Debug|Any CPU.Build.0 = Debug|Any CPU
		{5B384A4A-DF2C-4157-B076-E2695A76E0A7}.Release|Any CPU.ActiveCfg = Release|Any CPU
		{5B384A4A-DF2C-4157-B076-E2695A76E0A7}.Release|Any CPU.Build.0 = Release|Any CPU
		{C397EB46-4DEB-4B66-A129-F10BB787283D}.Debug|Any CPU.ActiveCfg = Debug|Any CPU
		{C397EB46-4DEB-4B66-A129-F10BB787283D}.Debug|Any CPU.Build.0 = Debug|Any CPU
		{C397EB46-4DEB-4B66-A129-F10BB787283D}.Release|Any CPU.ActiveCfg = Release|Any CPU
		{C397EB46-4DEB-4B66-A129-F10BB787283D}.Release|Any CPU.Build.0 = Release|Any CPU
	EndGlobalSection
	GlobalSection(SolutionProperties) = preSolution
		HideSolutionNode = FALSE
	EndGlobalSection
	GlobalSection(ExtensibilityGlobals) = postSolution
		SolutionGuid = {FD9A05CB-2719-4F17-AA14-823133E1E0A7}
	EndGlobalSection
EndGlobal
