
Microsoft Visual Studio Solution File, Format Version 12.00
# Visual Studio Version 16
VisualStudioVersion = 16.0.31729.503
MinimumVisualStudioVersion = 10.0.40219.1
Project("{FAE04EC0-301F-11D3-BF4B-00C04F79EFBC}") = "DataSetApp", "DataSetApp\DataSetApp.csproj", "{6F95B60C-76CA-4855-A32D-62548DB0F900}"
EndProject
Global
	GlobalSection(SolutionConfigurationPlatforms) = preSolution
		Debug|Any CPU = Debug|Any CPU
		Release|Any CPU = Release|Any CPU
	EndGlobalSection
	GlobalSection(ProjectConfigurationPlatforms) = postSolution
		{6F95B60C-76CA-4855-A32D-62548DB0F900}.Debug|Any CPU.ActiveCfg = Debug|Any CPU
		{6F95B60C-76CA-4855-A32D-62548DB0F900}.Debug|Any CPU.Build.0 = Debug|Any CPU
		{6F95B60C-76CA-4855-A32D-62548DB0F900}.Release|Any CPU.ActiveCfg = Release|Any CPU
		{6F95B60C-76CA-4855-A32D-62548DB0F900}.Release|Any CPU.Build.0 = Release|Any CPU
	EndGlobalSection
	GlobalSection(SolutionProperties) = preSolution
		HideSolutionNode = FALSE
	EndGlobalSection
	GlobalSection(ExtensibilityGlobals) = postSolution
		SolutionGuid = {926E1FCE-9AAC-4013-9F21-26D5407C5FFF}
	EndGlobalSection
EndGlobal
